{
  "name": "godot-mcp-toolkit",
  "version": "3.2.0",
  "lockfileVersion": 3,
  "requires": true,
  "packages": {
    "": {
      "name": "godot-mcp-toolkit",
      "version": "3.2.1",
      "license": "MIT",
      "bin": {
        "godot-mcp": "src/mcp/godot_mcp.js"
      },
      "engines": {
        "node": ">=18.0.0"
      }
    }
  }
}
